
Microsoft Visual Studio Solution File, Format Version 12.00
# Visual Studio 15
VisualStudioVersion = 15.0.28010.2036
MinimumVisualStudioVersion = 10.0.40219.1
Project("{8BC9CEB8-8B4A-11D0-8D11-00A0C91BC942}") = "RuEngine", "RuEngine\RuEngine.vcxproj", "{491B01E6-A90F-4247-89BA-423901949A5A}"
EndProject
Global
	GlobalSection(SolutionConfigurationPlatforms) = preSolution
		Debug|x64 = Debug|x64
		Debug|x86 = Debug|x86
		Release|x64 = Release|x64
		Release|x86 = Release|x86
	EndGlobalSection
	GlobalSection(ProjectConfigurationPlatforms) = postSolution
		{491B01E6-A90F-4247-89BA-423901949A5A}.Debug|x64.ActiveCfg = Debug|x64
		{491B01E6-A90F-4247-89BA-423901949A5A}.Debug|x64.Build.0 = Debug|x64
		{491B01E6-A90F-4247-89BA-423901949A5A}.Debug|x86.ActiveCfg = Debug|Win32
		{491B01E6-A90F-4247-89BA-423901949A5A}.Debug|x86.Build.0 = Debug|Win32
		{491B01E6-A90F-4247-89BA-423901949A5A}.Release|x64.ActiveCfg = Release|x64
		{491B01E6-A90F-4247-89BA-423901949A5A}.Release|x64.Build.0 = Release|x64
		{491B01E6-A90F-4247-89BA-423901949A5A}.Release|x86.ActiveCfg = Release|Win32
		{491B01E6-A90F-4247-89BA-423901949A5A}.Release|x86.Build.0 = Release|Win32
	EndGlobalSection
	GlobalSection(SolutionProperties) = preSolution
		HideSolutionNode = FALSE
	EndGlobalSection
	GlobalSection(ExtensibilityGlobals) = postSolution
		SolutionGuid = {4C8CFDBB-0AA4-450C-8EF9-C937B2AA933A}
	EndGlobalSection
EndGlobal
